// !$*UTF8*$!
{
	archiveVersion = 1;
	classes = {
	};
	objectVersion = 50;
	objects = {

/* Begin PBXBuildFile section */
		7BE239E026C5C9C400FCB03D /* WatchNews WatchKit App.app in Embed Watch Content */ = {isa = PBXBuildFile; fileRef = 7BE239DF26C5C9C400FCB03D /* WatchNews WatchKit App.app */; settings = {ATTRIBUTES = (RemoveHeadersOnCopy, ); }; };
		7BE239E526C5C9C600FCB03D /* Assets.xcassets in Resources */ = {isa = PBXBuildFile; fileRef = 7BE239E426C5C9C600FCB03D /* Assets.xcassets */; };
		7BE239EC26C5C9C600FCB03D /* WatchNews WatchKit Extension.appex in Embed App Extensions */ = {isa = PBXBuildFile; fileRef = 7BE239EB26C5C9C600FCB03D /* WatchNews WatchKit Extension.appex */; settings = {ATTRIBUTES = (RemoveHeadersOnCopy, ); }; };
		7BE239F126C5C9C600FCB03D /* ContentView.swift in Sources */ = {isa = PBXBuildFile; fileRef = 7BE239F026C5C9C600FCB03D /* ContentView.swift */; };
		7BE239F326C5C9C600FCB03D /* WatchNewsApp.swift in Sources */ = {isa = PBXBuildFile; fileRef = 7BE239F226C5C9C600FCB03D /* WatchNewsApp.swift */; };
		7BE239F526C5C9C600FCB03D /* ComplicationController.swift in Sources */ = {isa = PBXBuildFile; fileRef = 7BE239F426C5C9C600FCB03D /* ComplicationController.swift */; };
		7BE239F726C5C9C700FCB03D /* Assets.xcassets in Resources */ = {isa = PBXBuildFile; fileRef = 7BE239F626C5C9C700FCB03D /* Assets.xcassets */; };
		7BE239FA26C5C9C700FCB03D /* Preview Assets.xcassets in Resources */ = {isa = PBXBuildFile; fileRef = 7BE239F926C5C9C700FCB03D /* Preview Assets.xcassets */; };
		7BE23A0D26C5CAD800FCB03D /* ArticlesView.swift in Sources */ = {isa = PBXBuildFile; fileRef = 7BE23A0C26C5CAD800FCB03D /* ArticlesView.swift */; };
		7BE23A1226C5CB1B00FCB03D /* Article.swift in Sources */ = {isa = PBXBuildFile; fileRef = 7BE23A1126C5CB1B00FCB03D /* Article.swift */; };
		7BE23A1726C5CCB900FCB03D /* ArticleFetcher.swift in Sources */ = {isa = PBXBuildFile; fileRef = 7BE23A1626C5CCB900FCB03D /* ArticleFetcher.swift */; };
		7BE23A1C26C5D00700FCB03D /* ArticleDetailView.swift in Sources */ = {isa = PBXBuildFile; fileRef = 7BE23A1B26C5D00700FCB03D /* ArticleDetailView.swift */; };
/* End PBXBuildFile section */

/* Begin PBXContainerItemProxy section */
		7BE239E126C5C9C400FCB03D /* PBXContainerItemProxy */ = {
			isa = PBXContainerItemProxy;
			containerPortal = 7BE239D526C5C9C300FCB03D /* Project object */;
			proxyType = 1;
			remoteGlobalIDString = 7BE239DE26C5C9C400FCB03D;
			remoteInfo = "WatchNews WatchKit App";
		};
		7BE239ED26C5C9C600FCB03D /* PBXContainerItemProxy */ = {
			isa = PBXContainerItemProxy;
			containerPortal = 7BE239D526C5C9C300FCB03D /* Project object */;
			proxyType = 1;
			remoteGlobalIDString = 7BE239EA26C5C9C600FCB03D;
			remoteInfo = "WatchNews WatchKit Extension";
		};
/* End PBXContainerItemProxy section */

/* Begin PBXCopyFilesBuildPhase section */
		7BE23A0126C5C9C700FCB03D /* Embed App Extensions */ = {
			isa = PBXCopyFilesBuildPhase;
			buildActionMask = 2147483647;
			dstPath = "";
			dstSubfolderSpec = 13;
			files = (
				7BE239EC26C5C9C600FCB03D /* WatchNews WatchKit Extension.appex in Embed App Extensions */,
			);
			name = "Embed App Extensions";
			runOnlyForDeploymentPostprocessing = 0;
		};
		7BE23A0526C5C9C700FCB03D /* Embed Watch Content */ = {
			isa = PBXCopyFilesBuildPhase;
			buildActionMask = 2147483647;
			dstPath = "$(CONTENTS_FOLDER_PATH)/Watch";
			dstSubfolderSpec = 16;
			files = (
				7BE239E026C5C9C400FCB03D /* WatchNews WatchKit App.app in Embed Watch Content */,
			);
			name = "Embed Watch Content";
			runOnlyForDeploymentPostprocessing = 0;
		};
/* End PBXCopyFilesBuildPhase section */

/* Begin PBXFileReference section */
		7BE239DB26C5C9C300FCB03D /* WatchNews.app */ = {isa = PBXFileReference; explicitFileType = wrapper.application; includeInIndex = 0; path = WatchNews.app; sourceTree = BUILT_PRODUCTS_DIR; };
		7BE239DF26C5C9C400FCB03D /* WatchNews WatchKit App.app */ = {isa = PBXFileReference; explicitFileType = wrapper.application; includeInIndex = 0; path = "WatchNews WatchKit App.app"; sourceTree = BUILT_PRODUCTS_DIR; };
		7BE239E426C5C9C600FCB03D /* Assets.xcassets */ = {isa = PBXFileReference; lastKnownFileType = folder.assetcatalog; path = Assets.xcassets; sourceTree = "<group>"; };
		7BE239E626C5C9C600FCB03D /* Info.plist */ = {isa = PBXFileReference; lastKnownFileType = text.plist.xml; path = Info.plist; sourceTree = "<group>"; };
		7BE239EB26C5C9C600FCB03D /* WatchNews WatchKit Extension.appex */ = {isa = PBXFileReference; explicitFileType = "wrapper.app-extension"; includeInIndex = 0; path = "WatchNews WatchKit Extension.appex"; sourceTree = BUILT_PRODUCTS_DIR; };
		7BE239F026C5C9C600FCB03D /* ContentView.swift */ = {isa = PBXFileReference; lastKnownFileType = sourcecode.swift; path = ContentView.swift; sourceTree = "<group>"; };
		7BE239F226C5C9C600FCB03D /* WatchNewsApp.swift */ = {isa = PBXFileReference; lastKnownFileType = sourcecode.swift; path = WatchNewsApp.swift; sourceTree = "<group>"; };
		7BE239F426C5C9C600FCB03D /* ComplicationController.swift */ = {isa = PBXFileReference; lastKnownFileType = sourcecode.swift; path = ComplicationController.swift; sourceTree = "<group>"; };
		7BE239F626C5C9C700FCB03D /* Assets.xcassets */ = {isa = PBXFileReference; lastKnownFileType = folder.assetcatalog; path = Assets.xcassets; sourceTree = "<group>"; };
		7BE239F926C5C9C700FCB03D /* Preview Assets.xcassets */ = {isa = PBXFileReference; lastKnownFileType = folder.assetcatalog; path = "Preview Assets.xcassets"; sourceTree = "<group>"; };
		7BE239FB26C5C9C700FCB03D /* Info.plist */ = {isa = PBXFileReference; lastKnownFileType = text.plist.xml; path = Info.plist; sourceTree = "<group>"; };
		7BE23A0C26C5CAD800FCB03D /* ArticlesView.swift */ = {isa = PBXFileReference; lastKnownFileType = sourcecode.swift; path = ArticlesView.swift; sourceTree = "<group>"; };
		7BE23A1126C5CB1B00FCB03D /* Article.swift */ = {isa = PBXFileReference; lastKnownFileType = sourcecode.swift; path = Article.swift; sourceTree = "<group>"; };
		7BE23A1626C5CCB900FCB03D /* ArticleFetcher.swift */ = {isa = PBXFileReference; lastKnownFileType = sourcecode.swift; path = ArticleFetcher.swift; sourceTree = "<group>"; };
		7BE23A1B26C5D00700FCB03D /* ArticleDetailView.swift */ = {isa = PBXFileReference; lastKnownFileType = sourcecode.swift; path = ArticleDetailView.swift; sourceTree = "<group>"; };
/* End PBXFileReference section */

/* Begin PBXFrameworksBuildPhase section */
		7BE239E826C5C9C600FCB03D /* Frameworks */ = {
			isa = PBXFrameworksBuildPhase;
			buildActionMask = 2147483647;
			files = (
			);
			runOnlyForDeploymentPostprocessing = 0;
		};
/* End PBXFrameworksBuildPhase section */

/* Begin PBXGroup section */
		7BE239D426C5C9C300FCB03D = {
			isa = PBXGroup;
			children = (
				7BE239E326C5C9C400FCB03D /* WatchNews WatchKit App */,
				7BE239EF26C5C9C600FCB03D /* WatchNews WatchKit Extension */,
				7BE239DC26C5C9C300FCB03D /* Products */,
			);
			sourceTree = "<group>";
		};
		7BE239DC26C5C9C300FCB03D /* Products */ = {
			isa = PBXGroup;
			children = (
				7BE239DB26C5C9C300FCB03D /* WatchNews.app */,
				7BE239DF26C5C9C400FCB03D /* WatchNews WatchKit App.app */,
				7BE239EB26C5C9C600FCB03D /* WatchNews WatchKit Extension.appex */,
			);
			name = Products;
			sourceTree = "<group>";
		};
		7BE239E326C5C9C400FCB03D /* WatchNews WatchKit App */ = {
			isa = PBXGroup;
			children = (
				7BE239E426C5C9C600FCB03D /* Assets.xcassets */,
				7BE239E626C5C9C600FCB03D /* Info.plist */,
			);
			path = "WatchNews WatchKit App";
			sourceTree = "<group>";
		};
		7BE239EF26C5C9C600FCB03D /* WatchNews WatchKit Extension */ = {
			isa = PBXGroup;
			children = (
				7BE239F026C5C9C600FCB03D /* ContentView.swift */,
				7BE239F226C5C9C600FCB03D /* WatchNewsApp.swift */,
				7BE239F426C5C9C600FCB03D /* ComplicationController.swift */,
				7BE239F626C5C9C700FCB03D /* Assets.xcassets */,
				7BE239FB26C5C9C700FCB03D /* Info.plist */,
				7BE239F826C5C9C700FCB03D /* Preview Content */,
				7BE23A0C26C5CAD800FCB03D /* ArticlesView.swift */,
				7BE23A1126C5CB1B00FCB03D /* Article.swift */,
				7BE23A1626C5CCB900FCB03D /* ArticleFetcher.swift */,
				7BE23A1B26C5D00700FCB03D /* ArticleDetailView.swift */,
			);
			path = "WatchNews WatchKit Extension";
			sourceTree = "<group>";
		};
		7BE239F826C5C9C700FCB03D /* Preview Content */ = {
			isa = PBXGroup;
			children = (
				7BE239F926C5C9C700FCB03D /* Preview Assets.xcassets */,
			);
			path = "Preview Content";
			sourceTree = "<group>";
		};
/* End PBXGroup section */

/* Begin PBXNativeTarget section */
		7BE239DA26C5C9C300FCB03D /* WatchNews */ = {
			isa = PBXNativeTarget;
			buildConfigurationList = 7BE23A0626C5C9C700FCB03D /* Build configuration list for PBXNativeTarget "WatchNews" */;
			buildPhases = (
				7BE239D926C5C9C300FCB03D /* Resources */,
				7BE23A0526C5C9C700FCB03D /* Embed Watch Content */,
			);
			buildRules = (
			);
			dependencies = (
				7BE239E226C5C9C400FCB03D /* PBXTargetDependency */,
			);
			name = WatchNews;
			productName = WatchNews;
			productReference = 7BE239DB26C5C9C300FCB03D /* WatchNews.app */;
			productType = "com.apple.product-type.application.watchapp2-container";
		};
		7BE239DE26C5C9C400FCB03D /* WatchNews WatchKit App */ = {
			isa = PBXNativeTarget;
			buildConfigurationList = 7BE23A0226C5C9C700FCB03D /* Build configuration list for PBXNativeTarget "WatchNews WatchKit App" */;
			buildPhases = (
				7BE239DD26C5C9C400FCB03D /* Resources */,
				7BE23A0126C5C9C700FCB03D /* Embed App Extensions */,
			);
			buildRules = (
			);
			dependencies = (
				7BE239EE26C5C9C600FCB03D /* PBXTargetDependency */,
			);
			name = "WatchNews WatchKit App";
			productName = "WatchNews WatchKit App";
			productReference = 7BE239DF26C5C9C400FCB03D /* WatchNews WatchKit App.app */;
			productType = "com.apple.product-type.application.watchapp2";
		};
		7BE239EA26C5C9C600FCB03D /* WatchNews WatchKit Extension */ = {
			isa = PBXNativeTarget;
			buildConfigurationList = 7BE239FE26C5C9C700FCB03D /* Build configuration list for PBXNativeTarget "WatchNews WatchKit Extension" */;
			buildPhases = (
				7BE239E726C5C9C600FCB03D /* Sources */,
				7BE239E826C5C9C600FCB03D /* Frameworks */,
				7BE239E926C5C9C600FCB03D /* Resources */,
			);
			buildRules = (
			);
			dependencies = (
			);
			name = "WatchNews WatchKit Extension";
			productName = "WatchNews WatchKit Extension";
			productReference = 7BE239EB26C5C9C600FCB03D /* WatchNews WatchKit Extension.appex */;
			productType = "com.apple.product-type.watchkit2-extension";
		};
/* End PBXNativeTarget section */

/* Begin PBXProject section */
		7BE239D526C5C9C300FCB03D /* Project object */ = {
			isa = PBXProject;
			attributes = {
				LastSwiftUpdateCheck = 1220;
				LastUpgradeCheck = 1220;
				TargetAttributes = {
					7BE239DA26C5C9C300FCB03D = {
						CreatedOnToolsVersion = 12.2;
					};
					7BE239DE26C5C9C400FCB03D = {
						CreatedOnToolsVersion = 12.2;
					};
					7BE239EA26C5C9C600FCB03D = {
						CreatedOnToolsVersion = 12.2;
					};
				};
			};
			buildConfigurationList = 7BE239D826C5C9C300FCB03D /* Build configuration list for PBXProject "WatchNews" */;
			compatibilityVersion = "Xcode 9.3";
			developmentRegion = en;
			hasScannedForEncodings = 0;
			knownRegions = (
				en,
				Base,
			);
			mainGroup = 7BE239D426C5C9C300FCB03D;
			productRefGroup = 7BE239DC26C5C9C300FCB03D /* Products */;
			projectDirPath = "";
			projectRoot = "";
			targets = (
				7BE239DA26C5C9C300FCB03D /* WatchNews */,
				7BE239DE26C5C9C400FCB03D /* WatchNews WatchKit App */,
				7BE239EA26C5C9C600FCB03D /* WatchNews WatchKit Extension */,
			);
		};
/* End PBXProject section */

/* Begin PBXResourcesBuildPhase section */
		7BE239D926C5C9C300FCB03D /* Resources */ = {
			isa = PBXResourcesBuildPhase;
			buildActionMask = 2147483647;
			files = (
			);
			runOnlyForDeploymentPostprocessing = 0;
		};
		7BE239DD26C5C9C400FCB03D /* Resources */ = {
			isa = PBXResourcesBuildPhase;
			buildActionMask = 2147483647;
			files = (
				7BE239E526C5C9C600FCB03D /* Assets.xcassets in Resources */,
			);
			runOnlyForDeploymentPostprocessing = 0;
		};
		7BE239E926C5C9C600FCB03D /* Resources */ = {
			isa = PBXResourcesBuildPhase;
			buildActionMask = 2147483647;
			files = (
				7BE239FA26C5C9C700FCB03D /* Preview Assets.xcassets in Resources */,
				7BE239F726C5C9C700FCB03D /* Assets.xcassets in Resources */,
			);
			runOnlyForDeploymentPostprocessing = 0;
		};
/* End PBXResourcesBuildPhase section */

/* Begin PBXSourcesBuildPhase section */
		7BE239E726C5C9C600FCB03D /* Sources */ = {
			isa = PBXSourcesBuildPhase;
			buildActionMask = 2147483647;
			files = (
				7BE239F326C5C9C600FCB03D /* WatchNewsApp.swift in Sources */,
				7BE239F126C5C9C600FCB03D /* ContentView.swift in Sources */,
				7BE23A1726C5CCB900FCB03D /* ArticleFetcher.swift in Sources */,
				7BE23A1C26C5D00700FCB03D /* ArticleDetailView.swift in Sources */,
				7BE239F526C5C9C600FCB03D /* ComplicationController.swift in Sources */,
				7BE23A0D26C5CAD800FCB03D /* ArticlesView.swift in Sources */,
				7BE23A1226C5CB1B00FCB03D /* Article.swift in Sources */,
			);
			runOnlyForDeploymentPostprocessing = 0;
		};
/* End PBXSourcesBuildPhase section */

/* Begin PBXTargetDependency section */
		7BE239E226C5C9C400FCB03D /* PBXTargetDependency */ = {
			isa = PBXTargetDependency;
			target = 7BE239DE26C5C9C400FCB03D /* WatchNews WatchKit App */;
			targetProxy = 7BE239E126C5C9C400FCB03D /* PBXContainerItemProxy */;
		};
		7BE239EE26C5C9C600FCB03D /* PBXTargetDependency */ = {
			isa = PBXTargetDependency;
			target = 7BE239EA26C5C9C600FCB03D /* WatchNews WatchKit Extension */;
			targetProxy = 7BE239ED26C5C9C600FCB03D /* PBXContainerItemProxy */;
		};
/* End PBXTargetDependency section */

/* Begin XCBuildConfiguration section */
		7BE239FC26C5C9C700FCB03D /* Debug */ = {
			isa = XCBuildConfiguration;
			buildSettings = {
				ALWAYS_SEARCH_USER_PATHS = NO;
				CLANG_ANALYZER_NONNULL = YES;
				CLANG_ANALYZER_NUMBER_OBJECT_CONVERSION = YES_AGGRESSIVE;
				CLANG_CXX_LANGUAGE_STANDARD = "gnu++14";
				CLANG_CXX_LIBRARY = "libc++";
				CLANG_ENABLE_MODULES = YES;
				CLANG_ENABLE_OBJC_ARC = YES;
				CLANG_ENABLE_OBJC_WEAK = YES;
				CLANG_WARN_BLOCK_CAPTURE_AUTORELEASING = YES;
				CLANG_WARN_BOOL_CONVERSION = YES;
				CLANG_WARN_COMMA = YES;
				CLANG_WARN_CONSTANT_CONVERSION = YES;
				CLANG_WARN_DEPRECATED_OBJC_IMPLEMENTATIONS = YES;
				CLANG_WARN_DIRECT_OBJC_ISA_USAGE = YES_ERROR;
				CLANG_WARN_DOCUMENTATION_COMMENTS = YES;
				CLANG_WARN_EMPTY_BODY = YES;
				CLANG_WARN_ENUM_CONVERSION = YES;
				CLANG_WARN_INFINITE_RECURSION = YES;
				CLANG_WARN_INT_CONVERSION = YES;
				CLANG_WARN_NON_LITERAL_NULL_CONVERSION = YES;
				CLANG_WARN_OBJC_IMPLICIT_RETAIN_SELF = YES;
				CLANG_WARN_OBJC_LITERAL_CONVERSION = YES;
				CLANG_WARN_OBJC_ROOT_CLASS = YES_ERROR;
				CLANG_WARN_QUOTED_INCLUDE_IN_FRAMEWORK_HEADER = YES;
				CLANG_WARN_RANGE_LOOP_ANALYSIS = YES;
				CLANG_WARN_STRICT_PROTOTYPES = YES;
				CLANG_WARN_SUSPICIOUS_MOVE = YES;
				CLANG_WARN_UNGUARDED_AVAILABILITY = YES_AGGRESSIVE;
				CLANG_WARN_UNREACHABLE_CODE = YES;
				CLANG_WARN__DUPLICATE_METHOD_MATCH = YES;
				COPY_PHASE_STRIP = NO;
				DEBUG_INFORMATION_FORMAT = dwarf;
				ENABLE_STRICT_OBJC_MSGSEND = YES;
				ENABLE_TESTABILITY = YES;
				GCC_C_LANGUAGE_STANDARD = gnu11;
				GCC_DYNAMIC_NO_PIC = NO;
				GCC_NO_COMMON_BLOCKS = YES;
				GCC_OPTIMIZATION_LEVEL = 0;
				GCC_PREPROCESSOR_DEFINITIONS = (
					"DEBUG=1",
					"$(inherited)",
				);
				GCC_WARN_64_TO_32_BIT_CONVERSION = YES;
				GCC_WARN_ABOUT_RETURN_TYPE = YES_ERROR;
				GCC_WARN_UNDECLARED_SELECTOR = YES;
				GCC_WARN_UNINITIALIZED_AUTOS = YES_AGGRESSIVE;
				GCC_WARN_UNUSED_FUNCTION = YES;
				GCC_WARN_UNUSED_VARIABLE = YES;
				MTL_ENABLE_DEBUG_INFO = INCLUDE_SOURCE;
				MTL_FAST_MATH = YES;
				ONLY_ACTIVE_ARCH = YES;
				SDKROOT = iphoneos;
				SWIFT_ACTIVE_COMPILATION_CONDITIONS = DEBUG;
				SWIFT_OPTIMIZATION_LEVEL = "-Onone";
			};
			name = Debug;
		};
		7BE239FD26C5C9C700FCB03D /* Release */ = {
			isa = XCBuildConfiguration;
			buildSettings = {
				ALWAYS_SEARCH_USER_PATHS = NO;
				CLANG_ANALYZER_NONNULL = YES;
				CLANG_ANALYZER_NUMBER_OBJECT_CONVERSION = YES_AGGRESSIVE;
				CLANG_CXX_LANGUAGE_STANDARD = "gnu++14";
				CLANG_CXX_LIBRARY = "libc++";
				CLANG_ENABLE_MODULES = YES;
				CLANG_ENABLE_OBJC_ARC = YES;
				CLANG_ENABLE_OBJC_WEAK = YES;
				CLANG_WARN_BLOCK_CAPTURE_AUTORELEASING = YES;
				CLANG_WARN_BOOL_CONVERSION = YES;
				CLANG_WARN_COMMA = YES;
				CLANG_WARN_CONSTANT_CONVERSION = YES;
				CLANG_WARN_DEPRECATED_OBJC_IMPLEMENTATIONS = YES;
				CLANG_WARN_DIRECT_OBJC_ISA_USAGE = YES_ERROR;
				CLANG_WARN_DOCUMENTATION_COMMENTS = YES;
				CLANG_WARN_EMPTY_BODY = YES;
				CLANG_WARN_ENUM_CONVERSION = YES;
				CLANG_WARN_INFINITE_RECURSION = YES;
				CLANG_WARN_INT_CONVERSION = YES;
				CLANG_WARN_NON_LITERAL_NULL_CONVERSION = YES;
				CLANG_WARN_OBJC_IMPLICIT_RETAIN_SELF = YES;
				CLANG_WARN_OBJC_LITERAL_CONVERSION = YES;
				CLANG_WARN_OBJC_ROOT_CLASS = YES_ERROR;
				CLANG_WARN_QUOTED_INCLUDE_IN_FRAMEWORK_HEADER = YES;
				CLANG_WARN_RANGE_LOOP_ANALYSIS = YES;
				CLANG_WARN_STRICT_PROTOTYPES = YES;
				CLANG_WARN_SUSPICIOUS_MOVE = YES;
				CLANG_WARN_UNGUARDED_AVAILABILITY = YES_AGGRESSIVE;
				CLANG_WARN_UNREACHABLE_CODE = YES;
				CLANG_WARN__DUPLICATE_METHOD_MATCH = YES;
				COPY_PHASE_STRIP = NO;
				DEBUG_INFORMATION_FORMAT = "dwarf-with-dsym";
				ENABLE_NS_ASSERTIONS = NO;
				ENABLE_STRICT_OBJC_MSGSEND = YES;
				GCC_C_LANGUAGE_STANDARD = gnu11;
				GCC_NO_COMMON_BLOCKS = YES;
				GCC_WARN_64_TO_32_BIT_CONVERSION = YES;
				GCC_WARN_ABOUT_RETURN_TYPE = YES_ERROR;
				GCC_WARN_UNDECLARED_SELECTOR = YES;
				GCC_WARN_UNINITIALIZED_AUTOS = YES_AGGRESSIVE;
				GCC_WARN_UNUSED_FUNCTION = YES;
				GCC_WARN_UNUSED_VARIABLE = YES;
				MTL_ENABLE_DEBUG_INFO = NO;
				MTL_FAST_MATH = YES;
				SDKROOT = iphoneos;
				SWIFT_COMPILATION_MODE = wholemodule;
				SWIFT_OPTIMIZATION_LEVEL = "-O";
				VALIDATE_PRODUCT = YES;
			};
			name = Release;
		};
		7BE239FF26C5C9C700FCB03D /* Debug */ = {
			isa = XCBuildConfiguration;
			buildSettings = {
				ASSETCATALOG_COMPILER_COMPLICATION_NAME = Complication;
				CODE_SIGN_STYLE = Automatic;
				DEVELOPMENT_ASSET_PATHS = "\"WatchNews WatchKit Extension/Preview Content\"";
				DEVELOPMENT_TEAM = 74V6ASRP4R;
				ENABLE_PREVIEWS = YES;
				INFOPLIST_FILE = "WatchNews WatchKit Extension/Info.plist";
				LD_RUNPATH_SEARCH_PATHS = (
					"$(inherited)",
					"@executable_path/Frameworks",
					"@executable_path/../../Frameworks",
				);
				PRODUCT_BUNDLE_IDENTIFIER = machugram.WatchNews.watchkitapp.watchkitextension;
				PRODUCT_NAME = "${TARGET_NAME}";
				SDKROOT = watchos;
				SKIP_INSTALL = YES;
				SWIFT_VERSION = 5.0;
				TARGETED_DEVICE_FAMILY = 4;
				WATCHOS_DEPLOYMENT_TARGET = 7.1;
			};
			name = Debug;
		};
		7BE23A0026C5C9C700FCB03D /* Release */ = {
			isa = XCBuildConfiguration;
			buildSettings = {
				ASSETCATALOG_COMPILER_COMPLICATION_NAME = Complication;
				CODE_SIGN_STYLE = Automatic;
				DEVELOPMENT_ASSET_PATHS = "\"WatchNews WatchKit Extension/Preview Content\"";
				DEVELOPMENT_TEAM = 74V6ASRP4R;
				ENABLE_PREVIEWS = YES;
				INFOPLIST_FILE = "WatchNews WatchKit Extension/Info.plist";
				LD_RUNPATH_SEARCH_PATHS = (
					"$(inherited)",
					"@executable_path/Frameworks",
					"@executable_path/../../Frameworks",
				);
				PRODUCT_BUNDLE_IDENTIFIER = machugram.WatchNews.watchkitapp.watchkitextension;
				PRODUCT_NAME = "${TARGET_NAME}";
				SDKROOT = watchos;
				SKIP_INSTALL = YES;
				SWIFT_VERSION = 5.0;
				TARGETED_DEVICE_FAMILY = 4;
				WATCHOS_DEPLOYMENT_TARGET = 7.1;
			};
			name = Release;
		};
		7BE23A0326C5C9C700FCB03D /* Debug */ = {
			isa = XCBuildConfiguration;
			buildSettings = {
				ALWAYS_EMBED_SWIFT_STANDARD_LIBRARIES = YES;
				ASSETCATALOG_COMPILER_APPICON_NAME = AppIcon;
				ASSETCATALOG_COMPILER_GLOBAL_ACCENT_COLOR_NAME = AccentColor;
				CODE_SIGN_STYLE = Automatic;
				DEVELOPMENT_TEAM = 74V6ASRP4R;
				IBSC_MODULE = WatchNews_WatchKit_Extension;
				INFOPLIST_FILE = "WatchNews WatchKit App/Info.plist";
				PRODUCT_BUNDLE_IDENTIFIER = machugram.WatchNews.watchkitapp;
				PRODUCT_NAME = "$(TARGET_NAME)";
				SDKROOT = watchos;
				SKIP_INSTALL = YES;
				SWIFT_VERSION = 5.0;
				TARGETED_DEVICE_FAMILY = 4;
				WATCHOS_DEPLOYMENT_TARGET = 7.1;
			};
			name = Debug;
		};
		7BE23A0426C5C9C700FCB03D /* Release */ = {
			isa = XCBuildConfiguration;
			buildSettings = {
				ALWAYS_EMBED_SWIFT_STANDARD_LIBRARIES = YES;
				ASSETCATALOG_COMPILER_APPICON_NAME = AppIcon;
				ASSETCATALOG_COMPILER_GLOBAL_ACCENT_COLOR_NAME = AccentColor;
				CODE_SIGN_STYLE = Automatic;
				DEVELOPMENT_TEAM = 74V6ASRP4R;
				IBSC_MODULE = WatchNews_WatchKit_Extension;
				INFOPLIST_FILE = "WatchNews WatchKit App/Info.plist";
				PRODUCT_BUNDLE_IDENTIFIER = machugram.WatchNews.watchkitapp;
				PRODUCT_NAME = "$(TARGET_NAME)";
				SDKROOT = watchos;
				SKIP_INSTALL = YES;
				SWIFT_VERSION = 5.0;
				TARGETED_DEVICE_FAMILY = 4;
				WATCHOS_DEPLOYMENT_TARGET = 7.1;
			};
			name = Release;
		};
		7BE23A0726C5C9C700FCB03D /* Debug */ = {
			isa = XCBuildConfiguration;
			buildSettings = {
				CODE_SIGN_STYLE = Automatic;
				CURRENT_PROJECT_VERSION = 1;
				DEVELOPMENT_TEAM = 74V6ASRP4R;
				MARKETING_VERSION = 1.0;
				PRODUCT_BUNDLE_IDENTIFIER = machugram.WatchNews;
				PRODUCT_NAME = "$(TARGET_NAME)";
				SWIFT_VERSION = 5.0;
			};
			name = Debug;
		};
		7BE23A0826C5C9C700FCB03D /* Release */ = {
			isa = XCBuildConfiguration;
			buildSettings = {
				CODE_SIGN_STYLE = Automatic;
				CURRENT_PROJECT_VERSION = 1;
				DEVELOPMENT_TEAM = 74V6ASRP4R;
				MARKETING_VERSION = 1.0;
				PRODUCT_BUNDLE_IDENTIFIER = machugram.WatchNews;
				PRODUCT_NAME = "$(TARGET_NAME)";
				SWIFT_VERSION = 5.0;
			};
			name = Release;
		};
/* End XCBuildConfiguration section */

/* Begin XCConfigurationList section */
		7BE239D826C5C9C300FCB03D /* Build configuration list for PBXProject "WatchNews" */ = {
			isa = XCConfigurationList;
			buildConfigurations = (
				7BE239FC26C5C9C700FCB03D /* Debug */,
				7BE239FD26C5C9C700FCB03D /* Release */,
			);
			defaultConfigurationIsVisible = 0;
			defaultConfigurationName = Release;
		};
		7BE239FE26C5C9C700FCB03D /* Build configuration list for PBXNativeTarget "WatchNews WatchKit Extension" */ = {
			isa = XCConfigurationList;
			buildConfigurations = (
				7BE239FF26C5C9C700FCB03D /* Debug */,
				7BE23A0026C5C9C700FCB03D /* Release */,
			);
			defaultConfigurationIsVisible = 0;
			defaultConfigurationName = Release;
		};
		7BE23A0226C5C9C700FCB03D /* Build configuration list for PBXNativeTarget "WatchNews WatchKit App" */ = {
			isa = XCConfigurationList;
			buildConfigurations = (
				7BE23A0326C5C9C700FCB03D /* Debug */,
				7BE23A0426C5C9C700FCB03D /* Release */,
			);
			defaultConfigurationIsVisible = 0;
			defaultConfigurationName = Release;
		};
		7BE23A0626C5C9C700FCB03D /* Build configuration list for PBXNativeTarget "WatchNews" */ = {
			isa = XCConfigurationList;
			buildConfigurations = (
				7BE23A0726C5C9C700FCB03D /* Debug */,
				7BE23A0826C5C9C700FCB03D /* Release */,
			);
			defaultConfigurationIsVisible = 0;
			defaultConfigurationName = Release;
		};
/* End XCConfigurationList section */
	};
	rootObject = 7BE239D526C5C9C300FCB03D /* Project object */;
}
